
Microsoft Visual Studio Solution File, Format Version 12.00
# Visual Studio 15
Project("{FAE04EC0-301F-11D3-BF4B-00C04F79EFBC}") = "Assembly-CSharp", "Assembly-CSharp.csproj", "{B9BADA79-C5B8-AD3B-3232-15D13DD1E80F}"
EndProject
Project("{FAE04EC0-301F-11D3-BF4B-00C04F79EFBC}") = "GoogleMobileAds.Editor", "GoogleMobileAds.Editor.csproj", "{4CA93331-ACA8-09E0-2F04-9EE924A1FBD1}"
EndProject
Global
	GlobalSection(SolutionConfigurationPlatforms) = preSolution
		Debug|Any CPU = Debug|Any CPU
		Release|Any CPU = Release|Any CPU
	EndGlobalSection
	GlobalSection(ProjectConfigurationPlatforms) = postSolution
		{B9BADA79-C5B8-AD3B-3232-15D13DD1E80F}.Debug|Any CPU.ActiveCfg = Debug|Any CPU
		{B9BADA79-C5B8-AD3B-3232-15D13DD1E80F}.Debug|Any CPU.Build.0 = Debug|Any CPU
		{B9BADA79-C5B8-AD3B-3232-15D13DD1E80F}.Release|Any CPU.ActiveCfg = Release|Any CPU
		{B9BADA79-C5B8-AD3B-3232-15D13DD1E80F}.Release|Any CPU.Build.0 = Release|Any CPU
		{4CA93331-ACA8-09E0-2F04-9EE924A1FBD1}.Debug|Any CPU.ActiveCfg = Debug|Any CPU
		{4CA93331-ACA8-09E0-2F04-9EE924A1FBD1}.Debug|Any CPU.Build.0 = Debug|Any CPU
		{4CA93331-ACA8-09E0-2F04-9EE924A1FBD1}.Release|Any CPU.ActiveCfg = Release|Any CPU
		{4CA93331-ACA8-09E0-2F04-9EE924A1FBD1}.Release|Any CPU.Build.0 = Release|Any CPU
	EndGlobalSection
	GlobalSection(SolutionProperties) = preSolution
		HideSolutionNode = FALSE
	EndGlobalSection
EndGlobal
